{
  "name": "node-playpen",
  "version": "1.0.0",
  "lockfileVersion": 1,
  "requires": true,
  "dependencies": {
    "node-fetch": {
      "version": "2.1.2",
      "resolved": "https://registry.npmjs.org/node-fetch/-/node-fetch-2.1.2.tgz",
      "integrity": "sha1-q4hOjn5X44qUR1POxwb3iNF2i7U="
    },
    "xstate": {
      "version": "3.1.1",
      "resolved": "https://registry.npmjs.org/xstate/-/xstate-3.1.1.tgz",
      "integrity": "sha512-WIXZd6TywcCAA1qLtUdsMp+hA+1LXILK2Nt8Oazv+SJfuT6UbuRuV8YWBfJkuIOKHKk5bNZnsmL20XMPwcWv+g=="
    }
  }
}
